// !$*UTF8*$!
{
	archiveVersion = 1;
	classes = {
	};
	objectVersion = 70;
	objects = {

/* Begin PBXBuildFile section */
		47079FFC2FF5AF9200F88A40 /* SettingsView.swift in Sources */ = {isa = PBXBuildFile; fileRef = 47079FFB2FF5AF9200F88A40 /* SettingsView.swift */; };
		47079FFE2FF5B83400F88A40 /* EditToolbar.swift in Sources */ = {isa = PBXBuildFile; fileRef = 47079FFD2FF5B83400F88A40 /* EditToolbar.swift */; };
		4707A0122FF84B8400F88A40 /* MainAppView.swift in Sources */ = {isa = PBXBuildFile; fileRef = 4707A0112FF84B8400F88A40 /* MainAppView.swift */; };
		4707A01C2FF93FF300F88A40 /* Settings.swift in Sources */ = {isa = PBXBuildFile; fileRef = 4707A01B2FF93FF300F88A40 /* Settings.swift */; };
		4707A0592FF9A51B00F88A40 /* AppStorageKeys.swift in Sources */ = {isa = PBXBuildFile; fileRef = 4707A0582FF9A51B00F88A40 /* AppStorageKeys.swift */; };
		4707A05F2FF9A5ED00F88A40 /* Color+String.swift in Sources */ = {isa = PBXBuildFile; fileRef = 4707A05E2FF9A5ED00F88A40 /* Color+String.swift */; };
		4707DAE02FFA881100B4764F /* WordListsChooser.swift in Sources */ = {isa = PBXBuildFile; fileRef = 4707DADF2FFA881100B4764F /* WordListsChooser.swift */; };
		471670A82FF40AE300A09C13 /* AutoGridWidth.swift in Sources */ = {isa = PBXBuildFile; fileRef = 471670A72FF40AE300A09C13 /* AutoGridWidth.swift */; };
		471670AC2FF4493700A09C13 /* LetterGridView.swift in Sources */ = {isa = PBXBuildFile; fileRef = 471670AB2FF4493700A09C13 /* LetterGridView.swift */; };
		471E2A1F2FFC375F00A1ADBD /* web2 in Resources */ = {isa = PBXBuildFile; fileRef = 471E2A1E2FFC375F00A1ADBD /* web2 */; };
		472CE12F291858D90074891E /* WordHunt.swift in Sources */ = {isa = PBXBuildFile; fileRef = 472CE12E291858D90074891E /* WordHunt.swift */; };
		472CE131291858D90074891E /* GameChooser.swift in Sources */ = {isa = PBXBuildFile; fileRef = 472CE130291858D90074891E /* GameChooser.swift */; };
		472CE133291858DB0074891E /* Assets.xcassets in Resources */ = {isa = PBXBuildFile; fileRef = 472CE132291858DB0074891E /* Assets.xcassets */; };
		472CE137291858DB0074891E /* Preview Assets.xcassets in Resources */ = {isa = PBXBuildFile; fileRef = 472CE136291858DB0074891E /* Preview Assets.xcassets */; };
		472CE13E291BE6380074891E /* GameBoard.swift in Sources */ = {isa = PBXBuildFile; fileRef = 472CE13D291BE6380074891E /* GameBoard.swift */; };
		472CE140291BFA8C0074891E /* Game.swift in Sources */ = {isa = PBXBuildFile; fileRef = 472CE13F291BFA8C0074891E /* Game.swift */; };
		47578B062FE885B90072FFED /* Alphabets.swift in Sources */ = {isa = PBXBuildFile; fileRef = 47578B052FE885B90072FFED /* Alphabets.swift */; };
		476F03E62FED4F3A0041F2B8 /* Extensions.swift in Sources */ = {isa = PBXBuildFile; fileRef = 476F03E52FED4F3A0041F2B8 /* Extensions.swift */; };
		476F03EC2FEDD2DE0041F2B8 /* GameSummary.swift in Sources */ = {isa = PBXBuildFile; fileRef = 476F03EB2FEDD2DE0041F2B8 /* GameSummary.swift */; };
		4771F1762FEF208B00A98387 /* SampleWordLists.swift in Sources */ = {isa = PBXBuildFile; fileRef = 4771F1752FEF208B00A98387 /* SampleWordLists.swift */; };
		47800D142FE9CD9C009537EC /* WordList.swift in Sources */ = {isa = PBXBuildFile; fileRef = 47800D132FE9CD9C009537EC /* WordList.swift */; };
		47800D162FE9D2FE009537EC /* WordsEditor.swift in Sources */ = {isa = PBXBuildFile; fileRef = 47800D152FE9D2FE009537EC /* WordsEditor.swift */; };
		47800D1C2FEA9789009537EC /* WordView.swift in Sources */ = {isa = PBXBuildFile; fileRef = 47800D1B2FEA9789009537EC /* WordView.swift */; };
		47800D1E2FEAA9E5009537EC /* WordListEditor.swift in Sources */ = {isa = PBXBuildFile; fileRef = 47800D1D2FEAA9E5009537EC /* WordListEditor.swift */; };
		47800D202FEAAC90009537EC /* WordListSummary.swift in Sources */ = {isa = PBXBuildFile; fileRef = 47800D1F2FEAAC90009537EC /* WordListSummary.swift */; };
		47800D222FEAD186009537EC /* StringList.swift in Sources */ = {isa = PBXBuildFile; fileRef = 47800D212FEAD186009537EC /* StringList.swift */; };
		47820B8329298242009B16A1 /* Subsonic in Frameworks */ = {isa = PBXBuildFile; productRef = 47820B8229298242009B16A1 /* Subsonic */; };
		478BF1352FEC13A3001F4018 /* FileImportButton.swift in Sources */ = {isa = PBXBuildFile; fileRef = 478BF1342FEC13A3001F4018 /* FileImportButton.swift */; };
		478BF13B2FEC2E6E001F4018 /* GameEditor.swift in Sources */ = {isa = PBXBuildFile; fileRef = 478BF13A2FEC2E6E001F4018 /* GameEditor.swift */; };
		47E0ABE52FF069CB009D7BB0 /* GameList.swift in Sources */ = {isa = PBXBuildFile; fileRef = 47E0ABE42FF069CB009D7BB0 /* GameList.swift */; };
		47E0ABEB2FF15B36009D7BB0 /* Timer.swift in Sources */ = {isa = PBXBuildFile; fileRef = 47E0ABEA2FF15B36009D7BB0 /* Timer.swift */; };
		47E0AC262FF16FF3009D7BB0 /* ElapsedTimeTracker.swift in Sources */ = {isa = PBXBuildFile; fileRef = 47E0AC252FF16FF3009D7BB0 /* ElapsedTimeTracker.swift */; };
		47E0AC282FF170FB009D7BB0 /* ElapsedTime.swift in Sources */ = {isa = PBXBuildFile; fileRef = 47E0AC272FF170FB009D7BB0 /* ElapsedTime.swift */; };
		47E0AC2A2FF17361009D7BB0 /* GameView.swift in Sources */ = {isa = PBXBuildFile; fileRef = 47E0AC292FF17361009D7BB0 /* GameView.swift */; };
/* End PBXBuildFile section */

/* Begin PBXFileReference section */
		47079FFB2FF5AF9200F88A40 /* SettingsView.swift */ = {isa = PBXFileReference; lastKnownFileType = sourcecode.swift; path = SettingsView.swift; sourceTree = "<group>"; };
		47079FFD2FF5B83400F88A40 /* EditToolbar.swift */ = {isa = PBXFileReference; lastKnownFileType = sourcecode.swift; path = EditToolbar.swift; sourceTree = "<group>"; };
		4707A0112FF84B8400F88A40 /* MainAppView.swift */ = {isa = PBXFileReference; lastKnownFileType = sourcecode.swift; path = MainAppView.swift; sourceTree = "<group>"; };
		4707A01B2FF93FF300F88A40 /* Settings.swift */ = {isa = PBXFileReference; lastKnownFileType = sourcecode.swift; path = Settings.swift; sourceTree = "<group>"; };
		4707A0582FF9A51B00F88A40 /* AppStorageKeys.swift */ = {isa = PBXFileReference; lastKnownFileType = sourcecode.swift; path = AppStorageKeys.swift; sourceTree = "<group>"; };
		4707A05E2FF9A5ED00F88A40 /* Color+String.swift */ = {isa = PBXFileReference; lastKnownFileType = sourcecode.swift; path = "Color+String.swift"; sourceTree = "<group>"; };
		4707DADF2FFA881100B4764F /* WordListsChooser.swift */ = {isa = PBXFileReference; lastKnownFileType = sourcecode.swift; path = WordListsChooser.swift; sourceTree = "<group>"; };
		471670A72FF40AE300A09C13 /* AutoGridWidth.swift */ = {isa = PBXFileReference; lastKnownFileType = sourcecode.swift; path = AutoGridWidth.swift; sourceTree = "<group>"; };
		471670AB2FF4493700A09C13 /* LetterGridView.swift */ = {isa = PBXFileReference; lastKnownFileType = sourcecode.swift; path = LetterGridView.swift; sourceTree = "<group>"; };
		471E2A1E2FFC375F00A1ADBD /* web2 */ = {isa = PBXFileReference; lastKnownFileType = text; path = web2; sourceTree = "<group>"; };
		472CE12B291858D90074891E /* Word Hunt.app */ = {isa = PBXFileReference; explicitFileType = wrapper.application; includeInIndex = 0; path = "Word Hunt.app"; sourceTree = BUILT_PRODUCTS_DIR; };
		472CE12E291858D90074891E /* WordHunt.swift */ = {isa = PBXFileReference; lastKnownFileType = sourcecode.swift; path = WordHunt.swift; sourceTree = "<group>"; };
		472CE130291858D90074891E /* GameChooser.swift */ = {isa = PBXFileReference; lastKnownFileType = sourcecode.swift; path = GameChooser.swift; sourceTree = "<group>"; };
		472CE132291858DB0074891E /* Assets.xcassets */ = {isa = PBXFileReference; lastKnownFileType = folder.assetcatalog; path = Assets.xcassets; sourceTree = "<group>"; };
		472CE134291858DB0074891E /* WordHunt.entitlements */ = {isa = PBXFileReference; lastKnownFileType = text.plist.entitlements; path = WordHunt.entitlements; sourceTree = "<group>"; };
		472CE136291858DB0074891E /* Preview Assets.xcassets */ = {isa = PBXFileReference; lastKnownFileType = folder.assetcatalog; path = "Preview Assets.xcassets"; sourceTree = "<group>"; };
		472CE13D291BE6380074891E /* GameBoard.swift */ = {isa = PBXFileReference; lastKnownFileType = sourcecode.swift; path = GameBoard.swift; sourceTree = "<group>"; };
		472CE13F291BFA8C0074891E /* Game.swift */ = {isa = PBXFileReference; lastKnownFileType = sourcecode.swift; path = Game.swift; sourceTree = "<group>"; };
		47578B052FE885B90072FFED /* Alphabets.swift */ = {isa = PBXFileReference; lastKnownFileType = sourcecode.swift; path = Alphabets.swift; sourceTree = "<group>"; };
		476F03E52FED4F3A0041F2B8 /* Extensions.swift */ = {isa = PBXFileReference; lastKnownFileType = sourcecode.swift; path = Extensions.swift; sourceTree = "<group>"; };
		476F03EB2FEDD2DE0041F2B8 /* GameSummary.swift */ = {isa = PBXFileReference; lastKnownFileType = sourcecode.swift; path = GameSummary.swift; sourceTree = "<group>"; };
		4771F1752FEF208B00A98387 /* SampleWordLists.swift */ = {isa = PBXFileReference; lastKnownFileType = sourcecode.swift; path = SampleWordLists.swift; sourceTree = "<group>"; };
		47800D132FE9CD9C009537EC /* WordList.swift */ = {isa = PBXFileReference; lastKnownFileType = sourcecode.swift; path = WordList.swift; sourceTree = "<group>"; };
		47800D152FE9D2FE009537EC /* WordsEditor.swift */ = {isa = PBXFileReference; lastKnownFileType = sourcecode.swift; path = WordsEditor.swift; sourceTree = "<group>"; };
		47800D1B2FEA9789009537EC /* WordView.swift */ = {isa = PBXFileReference; lastKnownFileType = sourcecode.swift; path = WordView.swift; sourceTree = "<group>"; };
		47800D1D2FEAA9E5009537EC /* WordListEditor.swift */ = {isa = PBXFileReference; lastKnownFileType = sourcecode.swift; path = WordListEditor.swift; sourceTree = "<group>"; };
		47800D1F2FEAAC90009537EC /* WordListSummary.swift */ = {isa = PBXFileReference; lastKnownFileType = sourcecode.swift; path = WordListSummary.swift; sourceTree = "<group>"; };
		47800D212FEAD186009537EC /* StringList.swift */ = {isa = PBXFileReference; lastKnownFileType = sourcecode.swift; path = StringList.swift; sourceTree = "<group>"; };
		478BF1342FEC13A3001F4018 /* FileImportButton.swift */ = {isa = PBXFileReference; lastKnownFileType = sourcecode.swift; path = FileImportButton.swift; sourceTree = "<group>"; };
		478BF13A2FEC2E6E001F4018 /* GameEditor.swift */ = {isa = PBXFileReference; lastKnownFileType = sourcecode.swift; path = GameEditor.swift; sourceTree = "<group>"; };
		47E0ABE42FF069CB009D7BB0 /* GameList.swift */ = {isa = PBXFileReference; lastKnownFileType = sourcecode.swift; path = GameList.swift; sourceTree = "<group>"; };
		47E0ABEA2FF15B36009D7BB0 /* Timer.swift */ = {isa = PBXFileReference; lastKnownFileType = sourcecode.swift; path = Timer.swift; sourceTree = "<group>"; };
		47E0AC252FF16FF3009D7BB0 /* ElapsedTimeTracker.swift */ = {isa = PBXFileReference; lastKnownFileType = sourcecode.swift; path = ElapsedTimeTracker.swift; sourceTree = "<group>"; };
		47E0AC272FF170FB009D7BB0 /* ElapsedTime.swift */ = {isa = PBXFileReference; lastKnownFileType = sourcecode.swift; path = ElapsedTime.swift; sourceTree = "<group>"; };
		47E0AC292FF17361009D7BB0 /* GameView.swift */ = {isa = PBXFileReference; lastKnownFileType = sourcecode.swift; path = GameView.swift; sourceTree = "<group>"; };
/* End PBXFileReference section */

/* Begin PBXFileSystemSynchronizedRootGroup section */
		47578B0B2FE960580072FFED /* Sounds */ = {isa = PBXFileSystemSynchronizedRootGroup; explicitFileTypes = {}; explicitFolders = (); path = Sounds; sourceTree = "<group>"; };
/* End PBXFileSystemSynchronizedRootGroup section */

/* Begin PBXFrameworksBuildPhase section */
		472CE128291858D90074891E /* Frameworks */ = {
			isa = PBXFrameworksBuildPhase;
			buildActionMask = 2147483647;
			files = (
				47820B8329298242009B16A1 /* Subsonic in Frameworks */,
			);
			runOnlyForDeploymentPostprocessing = 0;
		};
/* End PBXFrameworksBuildPhase section */

/* Begin PBXGroup section */
		472CE122291858D90074891E = {
			isa = PBXGroup;
			children = (
				472CE12D291858D90074891E /* Word Hunt */,
				47578B0B2FE960580072FFED /* Sounds */,
				472CE12C291858D90074891E /* Products */,
			);
			sourceTree = "<group>";
		};
		472CE12C291858D90074891E /* Products */ = {
			isa = PBXGroup;
			children = (
				472CE12B291858D90074891E /* Word Hunt.app */,
			);
			name = Products;
			sourceTree = "<group>";
		};
		472CE12D291858D90074891E /* Word Hunt */ = {
			isa = PBXGroup;
			children = (
				471E2A1E2FFC375F00A1ADBD /* web2 */,
				4707A05E2FF9A5ED00F88A40 /* Color+String.swift */,
				472CE12E291858D90074891E /* WordHunt.swift */,
				476F03EB2FEDD2DE0041F2B8 /* GameSummary.swift */,
				4707A0112FF84B8400F88A40 /* MainAppView.swift */,
				4707DADF2FFA881100B4764F /* WordListsChooser.swift */,
				47E0ABE42FF069CB009D7BB0 /* GameList.swift */,
				472CE130291858D90074891E /* GameChooser.swift */,
				471670AB2FF4493700A09C13 /* LetterGridView.swift */,
				47E0AC292FF17361009D7BB0 /* GameView.swift */,
				478BF13A2FEC2E6E001F4018 /* GameEditor.swift */,
				4707A0582FF9A51B00F88A40 /* AppStorageKeys.swift */,
				47800D1B2FEA9789009537EC /* WordView.swift */,
				472CE13F291BFA8C0074891E /* Game.swift */,
				472CE13D291BE6380074891E /* GameBoard.swift */,
				47578B052FE885B90072FFED /* Alphabets.swift */,
				47E0AC252FF16FF3009D7BB0 /* ElapsedTimeTracker.swift */,
				47E0AC272FF170FB009D7BB0 /* ElapsedTime.swift */,
				47E0ABEA2FF15B36009D7BB0 /* Timer.swift */,
				47800D132FE9CD9C009537EC /* WordList.swift */,
				47800D152FE9D2FE009537EC /* WordsEditor.swift */,
				47079FFD2FF5B83400F88A40 /* EditToolbar.swift */,
				47800D1D2FEAA9E5009537EC /* WordListEditor.swift */,
				47800D1F2FEAAC90009537EC /* WordListSummary.swift */,
				47800D212FEAD186009537EC /* StringList.swift */,
				4707A01B2FF93FF300F88A40 /* Settings.swift */,
				47079FFB2FF5AF9200F88A40 /* SettingsView.swift */,
				478BF1342FEC13A3001F4018 /* FileImportButton.swift */,
				476F03E52FED4F3A0041F2B8 /* Extensions.swift */,
				4771F1752FEF208B00A98387 /* SampleWordLists.swift */,
				472CE134291858DB0074891E /* WordHunt.entitlements */,
				472CE132291858DB0074891E /* Assets.xcassets */,
				472CE135291858DB0074891E /* Preview Content */,
				471670A72FF40AE300A09C13 /* AutoGridWidth.swift */,
			);
			path = "Word Hunt";
			sourceTree = "<group>";
		};
		472CE135291858DB0074891E /* Preview Content */ = {
			isa = PBXGroup;
			children = (
				472CE136291858DB0074891E /* Preview Assets.xcassets */,
			);
			path = "Preview Content";
			sourceTree = "<group>";
		};
/* End PBXGroup section */

/* Begin PBXNativeTarget section */
		472CE12A291858D90074891E /* Word Hunt */ = {
			isa = PBXNativeTarget;
			buildConfigurationList = 472CE13A291858DB0074891E /* Build configuration list for PBXNativeTarget "Word Hunt" */;
			buildPhases = (
				472CE127291858D90074891E /* Sources */,
				472CE128291858D90074891E /* Frameworks */,
				472CE129291858D90074891E /* Resources */,
			);
			buildRules = (
			);
			dependencies = (
			);
			fileSystemSynchronizedGroups = (
				47578B0B2FE960580072FFED /* Sounds */,
			);
			name = "Word Hunt";
			packageProductDependencies = (
				47820B8229298242009B16A1 /* Subsonic */,
			);
			productName = "Create Puzzles";
			productReference = 472CE12B291858D90074891E /* Word Hunt.app */;
			productType = "com.apple.product-type.application";
		};
/* End PBXNativeTarget section */

/* Begin PBXProject section */
		472CE123291858D90074891E /* Project object */ = {
			isa = PBXProject;
			attributes = {
				BuildIndependentTargetsInParallel = 1;
				LastSwiftUpdateCheck = 1410;
				LastUpgradeCheck = 2660;
				TargetAttributes = {
					472CE12A291858D90074891E = {
						CreatedOnToolsVersion = 14.1;
					};
				};
			};
			buildConfigurationList = 472CE126291858D90074891E /* Build configuration list for PBXProject "Word Hunt" */;
			compatibilityVersion = "Xcode 14.0";
			developmentRegion = en;
			hasScannedForEncodings = 0;
			knownRegions = (
				en,
				Base,
			);
			mainGroup = 472CE122291858D90074891E;
			packageReferences = (
				47820B8129298242009B16A1 /* XCRemoteSwiftPackageReference "Subsonic" */,
			);
			productRefGroup = 472CE12C291858D90074891E /* Products */;
			projectDirPath = "";
			projectRoot = "";
			targets = (
				472CE12A291858D90074891E /* Word Hunt */,
			);
		};
/* End PBXProject section */

/* Begin PBXResourcesBuildPhase section */
		472CE129291858D90074891E /* Resources */ = {
			isa = PBXResourcesBuildPhase;
			buildActionMask = 2147483647;
			files = (
				472CE137291858DB0074891E /* Preview Assets.xcassets in Resources */,
				472CE133291858DB0074891E /* Assets.xcassets in Resources */,
				471E2A1F2FFC375F00A1ADBD /* web2 in Resources */,
			);
			runOnlyForDeploymentPostprocessing = 0;
		};
/* End PBXResourcesBuildPhase section */

/* Begin PBXSourcesBuildPhase section */
		472CE127291858D90074891E /* Sources */ = {
			isa = PBXSourcesBuildPhase;
			buildActionMask = 2147483647;
			files = (
				47079FFE2FF5B83400F88A40 /* EditToolbar.swift in Sources */,
				47E0AC262FF16FF3009D7BB0 /* ElapsedTimeTracker.swift in Sources */,
				47E0ABEB2FF15B36009D7BB0 /* Timer.swift in Sources */,
				476F03EC2FEDD2DE0041F2B8 /* GameSummary.swift in Sources */,
				47800D162FE9D2FE009537EC /* WordsEditor.swift in Sources */,
				472CE131291858D90074891E /* GameChooser.swift in Sources */,
				478BF1352FEC13A3001F4018 /* FileImportButton.swift in Sources */,
				472CE12F291858D90074891E /* WordHunt.swift in Sources */,
				472CE13E291BE6380074891E /* GameBoard.swift in Sources */,
				47578B062FE885B90072FFED /* Alphabets.swift in Sources */,
				47E0ABE52FF069CB009D7BB0 /* GameList.swift in Sources */,
				47800D222FEAD186009537EC /* StringList.swift in Sources */,
				47E0AC2A2FF17361009D7BB0 /* GameView.swift in Sources */,
				47800D142FE9CD9C009537EC /* WordList.swift in Sources */,
				478BF13B2FEC2E6E001F4018 /* GameEditor.swift in Sources */,
				476F03E62FED4F3A0041F2B8 /* Extensions.swift in Sources */,
				471670AC2FF4493700A09C13 /* LetterGridView.swift in Sources */,
				4707A0592FF9A51B00F88A40 /* AppStorageKeys.swift in Sources */,
				471670A82FF40AE300A09C13 /* AutoGridWidth.swift in Sources */,
				47800D1C2FEA9789009537EC /* WordView.swift in Sources */,
				47079FFC2FF5AF9200F88A40 /* SettingsView.swift in Sources */,
				47800D202FEAAC90009537EC /* WordListSummary.swift in Sources */,
				4707A05F2FF9A5ED00F88A40 /* Color+String.swift in Sources */,
				472CE140291BFA8C0074891E /* Game.swift in Sources */,
				4707DAE02FFA881100B4764F /* WordListsChooser.swift in Sources */,
				4771F1762FEF208B00A98387 /* SampleWordLists.swift in Sources */,
				47E0AC282FF170FB009D7BB0 /* ElapsedTime.swift in Sources */,
				4707A01C2FF93FF300F88A40 /* Settings.swift in Sources */,
				4707A0122FF84B8400F88A40 /* MainAppView.swift in Sources */,
				47800D1E2FEAA9E5009537EC /* WordListEditor.swift in Sources */,
			);
			runOnlyForDeploymentPostprocessing = 0;
		};
/* End PBXSourcesBuildPhase section */

/* Begin XCBuildConfiguration section */
		472CE138291858DB0074891E /* Debug */ = {
			isa = XCBuildConfiguration;
			buildSettings = {
				ALWAYS_SEARCH_USER_PATHS = NO;
				CLANG_ANALYZER_NONNULL = YES;
				CLANG_ANALYZER_NUMBER_OBJECT_CONVERSION = YES_AGGRESSIVE;
				CLANG_CXX_LANGUAGE_STANDARD = "gnu++20";
				CLANG_ENABLE_MODULES = YES;
				CLANG_ENABLE_OBJC_ARC = YES;
				CLANG_ENABLE_OBJC_WEAK = YES;
				CLANG_WARN_BLOCK_CAPTURE_AUTORELEASING = YES;
				CLANG_WARN_BOOL_CONVERSION = YES;
				CLANG_WARN_COMMA = YES;
				CLANG_WARN_CONSTANT_CONVERSION = YES;
				CLANG_WARN_DEPRECATED_OBJC_IMPLEMENTATIONS = YES;
				CLANG_WARN_DIRECT_OBJC_ISA_USAGE = YES_ERROR;
				CLANG_WARN_DOCUMENTATION_COMMENTS = YES;
				CLANG_WARN_EMPTY_BODY = YES;
				CLANG_WARN_ENUM_CONVERSION = YES;
				CLANG_WARN_INFINITE_RECURSION = YES;
				CLANG_WARN_INT_CONVERSION = YES;
				CLANG_WARN_NON_LITERAL_NULL_CONVERSION = YES;
				CLANG_WARN_OBJC_IMPLICIT_RETAIN_SELF = YES;
				CLANG_WARN_OBJC_LITERAL_CONVERSION = YES;
				CLANG_WARN_OBJC_ROOT_CLASS = YES_ERROR;
				CLANG_WARN_QUOTED_INCLUDE_IN_FRAMEWORK_HEADER = YES;
				CLANG_WARN_RANGE_LOOP_ANALYSIS = YES;
				CLANG_WARN_STRICT_PROTOTYPES = YES;
				CLANG_WARN_SUSPICIOUS_MOVE = YES;
				CLANG_WARN_UNGUARDED_AVAILABILITY = YES_AGGRESSIVE;
				CLANG_WARN_UNREACHABLE_CODE = YES;
				CLANG_WARN__DUPLICATE_METHOD_MATCH = YES;
				COPY_PHASE_STRIP = NO;
				DEAD_CODE_STRIPPING = YES;
				DEBUG_INFORMATION_FORMAT = dwarf;
				DEVELOPMENT_TEAM = 6389FT2N69;
				ENABLE_STRICT_OBJC_MSGSEND = YES;
				ENABLE_TESTABILITY = YES;
				ENABLE_USER_SCRIPT_SANDBOXING = YES;
				GCC_C_LANGUAGE_STANDARD = gnu11;
				GCC_DYNAMIC_NO_PIC = NO;
				GCC_NO_COMMON_BLOCKS = YES;
				GCC_OPTIMIZATION_LEVEL = 0;
				GCC_PREPROCESSOR_DEFINITIONS = (
					"DEBUG=1",
					"$(inherited)",
				);
				GCC_WARN_64_TO_32_BIT_CONVERSION = YES;
				GCC_WARN_ABOUT_RETURN_TYPE = YES_ERROR;
				GCC_WARN_UNDECLARED_SELECTOR = YES;
				GCC_WARN_UNINITIALIZED_AUTOS = YES_AGGRESSIVE;
				GCC_WARN_UNUSED_FUNCTION = YES;
				GCC_WARN_UNUSED_VARIABLE = YES;
				MTL_ENABLE_DEBUG_INFO = INCLUDE_SOURCE;
				MTL_FAST_MATH = YES;
				ONLY_ACTIVE_ARCH = YES;
				STRING_CATALOG_GENERATE_SYMBOLS = YES;
				SWIFT_ACTIVE_COMPILATION_CONDITIONS = DEBUG;
				SWIFT_OPTIMIZATION_LEVEL = "-Onone";
			};
			name = Debug;
		};
		472CE139291858DB0074891E /* Release */ = {
			isa = XCBuildConfiguration;
			buildSettings = {
				ALWAYS_SEARCH_USER_PATHS = NO;
				CLANG_ANALYZER_NONNULL = YES;
				CLANG_ANALYZER_NUMBER_OBJECT_CONVERSION = YES_AGGRESSIVE;
				CLANG_CXX_LANGUAGE_STANDARD = "gnu++20";
				CLANG_ENABLE_MODULES = YES;
				CLANG_ENABLE_OBJC_ARC = YES;
				CLANG_ENABLE_OBJC_WEAK = YES;
				CLANG_WARN_BLOCK_CAPTURE_AUTORELEASING = YES;
				CLANG_WARN_BOOL_CONVERSION = YES;
				CLANG_WARN_COMMA = YES;
				CLANG_WARN_CONSTANT_CONVERSION = YES;
				CLANG_WARN_DEPRECATED_OBJC_IMPLEMENTATIONS = YES;
				CLANG_WARN_DIRECT_OBJC_ISA_USAGE = YES_ERROR;
				CLANG_WARN_DOCUMENTATION_COMMENTS = YES;
				CLANG_WARN_EMPTY_BODY = YES;
				CLANG_WARN_ENUM_CONVERSION = YES;
				CLANG_WARN_INFINITE_RECURSION = YES;
				CLANG_WARN_INT_CONVERSION = YES;
				CLANG_WARN_NON_LITERAL_NULL_CONVERSION = YES;
				CLANG_WARN_OBJC_IMPLICIT_RETAIN_SELF = YES;
				CLANG_WARN_OBJC_LITERAL_CONVERSION = YES;
				CLANG_WARN_OBJC_ROOT_CLASS = YES_ERROR;
				CLANG_WARN_QUOTED_INCLUDE_IN_FRAMEWORK_HEADER = YES;
				CLANG_WARN_RANGE_LOOP_ANALYSIS = YES;
				CLANG_WARN_STRICT_PROTOTYPES = YES;
				CLANG_WARN_SUSPICIOUS_MOVE = YES;
				CLANG_WARN_UNGUARDED_AVAILABILITY = YES_AGGRESSIVE;
				CLANG_WARN_UNREACHABLE_CODE = YES;
				CLANG_WARN__DUPLICATE_METHOD_MATCH = YES;
				COPY_PHASE_STRIP = NO;
				DEAD_CODE_STRIPPING = YES;
				DEBUG_INFORMATION_FORMAT = "dwarf-with-dsym";
				DEVELOPMENT_TEAM = 6389FT2N69;
				ENABLE_NS_ASSERTIONS = NO;
				ENABLE_STRICT_OBJC_MSGSEND = YES;
				ENABLE_USER_SCRIPT_SANDBOXING = YES;
				GCC_C_LANGUAGE_STANDARD = gnu11;
				GCC_NO_COMMON_BLOCKS = YES;
				GCC_WARN_64_TO_32_BIT_CONVERSION = YES;
				GCC_WARN_ABOUT_RETURN_TYPE = YES_ERROR;
				GCC_WARN_UNDECLARED_SELECTOR = YES;
				GCC_WARN_UNINITIALIZED_AUTOS = YES_AGGRESSIVE;
				GCC_WARN_UNUSED_FUNCTION = YES;
				GCC_WARN_UNUSED_VARIABLE = YES;
				MTL_ENABLE_DEBUG_INFO = NO;
				MTL_FAST_MATH = YES;
				STRING_CATALOG_GENERATE_SYMBOLS = YES;
				SWIFT_COMPILATION_MODE = wholemodule;
				SWIFT_OPTIMIZATION_LEVEL = "-O";
			};
			name = Release;
		};
		472CE13B291858DB0074891E /* Debug */ = {
			isa = XCBuildConfiguration;
			buildSettings = {
				ASSETCATALOG_COMPILER_APPICON_NAME = AppIcon;
				ASSETCATALOG_COMPILER_GLOBAL_ACCENT_COLOR_NAME = AccentColor;
				CODE_SIGN_ENTITLEMENTS = "";
				CODE_SIGN_IDENTITY = "Apple Development";
				CODE_SIGN_STYLE = Automatic;
				CURRENT_PROJECT_VERSION = 1;
				DEAD_CODE_STRIPPING = YES;
				DEVELOPMENT_ASSET_PATHS = "";
				DEVELOPMENT_TEAM = RMP42XUC38;
				ENABLE_HARDENED_RUNTIME = YES;
				ENABLE_PREVIEWS = YES;
				GENERATE_INFOPLIST_FILE = YES;
				INFOPLIST_KEY_CFBundleDisplayName = "Word Hunt";
				INFOPLIST_KEY_LSApplicationCategoryType = "public.app-category.word-games";
				"INFOPLIST_KEY_UIApplicationSceneManifest_Generation[sdk=iphoneos*]" = YES;
				"INFOPLIST_KEY_UIApplicationSceneManifest_Generation[sdk=iphonesimulator*]" = YES;
				"INFOPLIST_KEY_UIApplicationSupportsIndirectInputEvents[sdk=iphoneos*]" = YES;
				"INFOPLIST_KEY_UIApplicationSupportsIndirectInputEvents[sdk=iphonesimulator*]" = YES;
				"INFOPLIST_KEY_UILaunchScreen_Generation[sdk=iphoneos*]" = YES;
				"INFOPLIST_KEY_UILaunchScreen_Generation[sdk=iphonesimulator*]" = YES;
				"INFOPLIST_KEY_UIStatusBarStyle[sdk=iphoneos*]" = UIStatusBarStyleDefault;
				"INFOPLIST_KEY_UIStatusBarStyle[sdk=iphonesimulator*]" = UIStatusBarStyleDefault;
				INFOPLIST_KEY_UISupportedInterfaceOrientations_iPad = "UIInterfaceOrientationPortrait UIInterfaceOrientationPortraitUpsideDown UIInterfaceOrientationLandscapeLeft UIInterfaceOrientationLandscapeRight";
				INFOPLIST_KEY_UISupportedInterfaceOrientations_iPhone = "UIInterfaceOrientationPortrait UIInterfaceOrientationLandscapeLeft UIInterfaceOrientationLandscapeRight";
				IPHONEOS_DEPLOYMENT_TARGET = 18.6;
				LD_RUNPATH_SEARCH_PATHS = "@executable_path/Frameworks";
				"LD_RUNPATH_SEARCH_PATHS[sdk=macosx*]" = "@executable_path/../Frameworks";
				MACOSX_DEPLOYMENT_TARGET = 15.6;
				MARKETING_VERSION = 0.1;
				PRODUCT_BUNDLE_IDENTIFIER = "com.c-inspirations.WordHunt";
				PRODUCT_NAME = "$(TARGET_NAME)";
				PROVISIONING_PROFILE_SPECIFIER = "";
				SDKROOT = auto;
				SUPPORTED_PLATFORMS = "iphoneos iphonesimulator macosx";
				SWIFT_EMIT_LOC_STRINGS = YES;
				SWIFT_VERSION = 5.0;
				TARGETED_DEVICE_FAMILY = "1,2";
			};
			name = Debug;
		};
		472CE13C291858DB0074891E /* Release */ = {
			isa = XCBuildConfiguration;
			buildSettings = {
				ASSETCATALOG_COMPILER_APPICON_NAME = AppIcon;
				ASSETCATALOG_COMPILER_GLOBAL_ACCENT_COLOR_NAME = AccentColor;
				CODE_SIGN_ENTITLEMENTS = "";
				CODE_SIGN_IDENTITY = "Apple Development";
				CODE_SIGN_STYLE = Automatic;
				CURRENT_PROJECT_VERSION = 1;
				DEAD_CODE_STRIPPING = YES;
				DEVELOPMENT_ASSET_PATHS = "";
				DEVELOPMENT_TEAM = RMP42XUC38;
				ENABLE_HARDENED_RUNTIME = YES;
				ENABLE_PREVIEWS = YES;
				GENERATE_INFOPLIST_FILE = YES;
				INFOPLIST_KEY_CFBundleDisplayName = "Word Hunt";
				INFOPLIST_KEY_LSApplicationCategoryType = "public.app-category.word-games";
				"INFOPLIST_KEY_UIApplicationSceneManifest_Generation[sdk=iphoneos*]" = YES;
				"INFOPLIST_KEY_UIApplicationSceneManifest_Generation[sdk=iphonesimulator*]" = YES;
				"INFOPLIST_KEY_UIApplicationSupportsIndirectInputEvents[sdk=iphoneos*]" = YES;
				"INFOPLIST_KEY_UIApplicationSupportsIndirectInputEvents[sdk=iphonesimulator*]" = YES;
				"INFOPLIST_KEY_UILaunchScreen_Generation[sdk=iphoneos*]" = YES;
				"INFOPLIST_KEY_UILaunchScreen_Generation[sdk=iphonesimulator*]" = YES;
				"INFOPLIST_KEY_UIStatusBarStyle[sdk=iphoneos*]" = UIStatusBarStyleDefault;
				"INFOPLIST_KEY_UIStatusBarStyle[sdk=iphonesimulator*]" = UIStatusBarStyleDefault;
				INFOPLIST_KEY_UISupportedInterfaceOrientations_iPad = "UIInterfaceOrientationPortrait UIInterfaceOrientationPortraitUpsideDown UIInterfaceOrientationLandscapeLeft UIInterfaceOrientationLandscapeRight";
				INFOPLIST_KEY_UISupportedInterfaceOrientations_iPhone = "UIInterfaceOrientationPortrait UIInterfaceOrientationLandscapeLeft UIInterfaceOrientationLandscapeRight";
				IPHONEOS_DEPLOYMENT_TARGET = 18.6;
				LD_RUNPATH_SEARCH_PATHS = "@executable_path/Frameworks";
				"LD_RUNPATH_SEARCH_PATHS[sdk=macosx*]" = "@executable_path/../Frameworks";
				MACOSX_DEPLOYMENT_TARGET = 15.6;
				MARKETING_VERSION = 0.1;
				PRODUCT_BUNDLE_IDENTIFIER = "com.c-inspirations.WordHunt";
				PRODUCT_NAME = "$(TARGET_NAME)";
				PROVISIONING_PROFILE_SPECIFIER = "";
				SDKROOT = auto;
				SUPPORTED_PLATFORMS = "iphoneos iphonesimulator macosx";
				SWIFT_EMIT_LOC_STRINGS = YES;
				SWIFT_VERSION = 5.0;
				TARGETED_DEVICE_FAMILY = "1,2";
			};
			name = Release;
		};
/* End XCBuildConfiguration section */

/* Begin XCConfigurationList section */
		472CE126291858D90074891E /* Build configuration list for PBXProject "Word Hunt" */ = {
			isa = XCConfigurationList;
			buildConfigurations = (
				472CE138291858DB0074891E /* Debug */,
				472CE139291858DB0074891E /* Release */,
			);
			defaultConfigurationIsVisible = 0;
			defaultConfigurationName = Release;
		};
		472CE13A291858DB0074891E /* Build configuration list for PBXNativeTarget "Word Hunt" */ = {
			isa = XCConfigurationList;
			buildConfigurations = (
				472CE13B291858DB0074891E /* Debug */,
				472CE13C291858DB0074891E /* Release */,
			);
			defaultConfigurationIsVisible = 0;
			defaultConfigurationName = Release;
		};
/* End XCConfigurationList section */

/* Begin XCRemoteSwiftPackageReference section */
		47820B8129298242009B16A1 /* XCRemoteSwiftPackageReference "Subsonic" */ = {
			isa = XCRemoteSwiftPackageReference;
			repositoryURL = "https://github.com/twostraws/Subsonic";
			requirement = {
				kind = upToNextMajorVersion;
				minimumVersion = 0.2.0;
			};
		};
/* End XCRemoteSwiftPackageReference section */

/* Begin XCSwiftPackageProductDependency section */
		47820B8229298242009B16A1 /* Subsonic */ = {
			isa = XCSwiftPackageProductDependency;
			package = 47820B8129298242009B16A1 /* XCRemoteSwiftPackageReference "Subsonic" */;
			productName = Subsonic;
		};
/* End XCSwiftPackageProductDependency section */
	};
	rootObject = 472CE123291858D90074891E /* Project object */;
}
